// !$*UTF8*$!
{
	archiveVersion = 1;
	classes = {
	};
	objectVersion = 56;
	objects = {

/* Begin PBXBuildFile section */
		920594F02BECD54F005D09D8 /* DefaultAnimationAnimationModifier.swift in Sources */ = {isa = PBXBuildFile; fileRef = 920594EF2BECD54F005D09D8 /* DefaultAnimationAnimationModifier.swift */; };
		920BD6B22C07D39900BF3B46 /* CameraView.swift in Sources */ = {isa = PBXBuildFile; fileRef = 920BD6B12C07D39900BF3B46 /* CameraView.swift */; };
		920BD6B42C07D3C900BF3B46 /* CameraPreview.swift in Sources */ = {isa = PBXBuildFile; fileRef = 920BD6B32C07D3C900BF3B46 /* CameraPreview.swift */; };
		920BD6B62C07D3DF00BF3B46 /* CameraManager.swift in Sources */ = {isa = PBXBuildFile; fileRef = 920BD6B52C07D3DF00BF3B46 /* CameraManager.swift */; };
		920BD6B82C07D3F700BF3B46 /* CameraViewModel.swift in Sources */ = {isa = PBXBuildFile; fileRef = 920BD6B72C07D3F700BF3B46 /* CameraViewModel.swift */; };
		920F43C42BDA6F6B0047680E /* KeychainHelper.swift in Sources */ = {isa = PBXBuildFile; fileRef = 920F43C32BDA6F6B0047680E /* KeychainHelper.swift */; };
		921341D92BE4272200B92692 /* AuthView.swift in Sources */ = {isa = PBXBuildFile; fileRef = 921341D82BE4272200B92692 /* AuthView.swift */; };
		921341DB2BE4273900B92692 /* AuthViewModel.swift in Sources */ = {isa = PBXBuildFile; fileRef = 921341DA2BE4273900B92692 /* AuthViewModel.swift */; };
		921341DD2BE4274B00B92692 /* AuthService.swift in Sources */ = {isa = PBXBuildFile; fileRef = 921341DC2BE4274B00B92692 /* AuthService.swift */; };
		921341E02BE42C1200B92692 /* GoogleService-Info.plist in Resources */ = {isa = PBXBuildFile; fileRef = 921341DF2BE42C1200B92692 /* GoogleService-Info.plist */; };
		921341E32BE431CD00B92692 /* FirebaseAuth in Frameworks */ = {isa = PBXBuildFile; productRef = 921341E22BE431CD00B92692 /* FirebaseAuth */; };
		921341E52BE431CD00B92692 /* FirebaseFirestore in Frameworks */ = {isa = PBXBuildFile; productRef = 921341E42BE431CD00B92692 /* FirebaseFirestore */; };
		921341E72BE431CD00B92692 /* FirebaseFirestoreSwift in Frameworks */ = {isa = PBXBuildFile; productRef = 921341E62BE431CD00B92692 /* FirebaseFirestoreSwift */; };
		921341E92BE5183500B92692 /* AppState.swift in Sources */ = {isa = PBXBuildFile; fileRef = 921341E82BE5183500B92692 /* AppState.swift */; };
		921341EC2BE958C000B92692 /* ChatListView.swift in Sources */ = {isa = PBXBuildFile; fileRef = 921341EB2BE958C000B92692 /* ChatListView.swift */; };
		921341EE2BE958CB00B92692 /* ChatListViewModel.swift in Sources */ = {isa = PBXBuildFile; fileRef = 921341ED2BE958CB00B92692 /* ChatListViewModel.swift */; };
		921DE6FA2BC9641200B7C007 /* MessageModel.swift in Sources */ = {isa = PBXBuildFile; fileRef = 921DE6F92BC9641200B7C007 /* MessageModel.swift */; };
		921DE6FC2BC964FD00B7C007 /* Constants.swift in Sources */ = {isa = PBXBuildFile; fileRef = 921DE6FB2BC964FD00B7C007 /* Constants.swift */; };
		921DE6FE2BC965AD00B7C007 /* MessageView.swift in Sources */ = {isa = PBXBuildFile; fileRef = 921DE6FD2BC965AD00B7C007 /* MessageView.swift */; };
		921DE7172BC99C7D00B7C007 /* Urbanist-Black.ttf in Resources */ = {isa = PBXBuildFile; fileRef = 921DE6FF2BC99C7D00B7C007 /* Urbanist-Black.ttf */; };
		921DE7182BC99C7D00B7C007 /* Urbanist-BlackItalic.ttf in Resources */ = {isa = PBXBuildFile; fileRef = 921DE7002BC99C7D00B7C007 /* Urbanist-BlackItalic.ttf */; };
		921DE7192BC99C7D00B7C007 /* Urbanist-Bold.ttf in Resources */ = {isa = PBXBuildFile; fileRef = 921DE7012BC99C7D00B7C007 /* Urbanist-Bold.ttf */; };
		921DE71A2BC99C7D00B7C007 /* Urbanist-BoldItalic.ttf in Resources */ = {isa = PBXBuildFile; fileRef = 921DE7022BC99C7D00B7C007 /* Urbanist-BoldItalic.ttf */; };
		921DE71B2BC99C7D00B7C007 /* Urbanist-ExtraBold.ttf in Resources */ = {isa = PBXBuildFile; fileRef = 921DE7032BC99C7D00B7C007 /* Urbanist-ExtraBold.ttf */; };
		921DE71C2BC99C7D00B7C007 /* Urbanist-ExtraBoldItalic.ttf in Resources */ = {isa = PBXBuildFile; fileRef = 921DE7042BC99C7D00B7C007 /* Urbanist-ExtraBoldItalic.ttf */; };
		921DE71D2BC99C7D00B7C007 /* Urbanist-ExtraLight.ttf in Resources */ = {isa = PBXBuildFile; fileRef = 921DE7052BC99C7D00B7C007 /* Urbanist-ExtraLight.ttf */; };
		921DE71E2BC99C7D00B7C007 /* Urbanist-ExtraLightItalic.ttf in Resources */ = {isa = PBXBuildFile; fileRef = 921DE7062BC99C7D00B7C007 /* Urbanist-ExtraLightItalic.ttf */; };
		921DE71F2BC99C7D00B7C007 /* Urbanist-Italic.ttf in Resources */ = {isa = PBXBuildFile; fileRef = 921DE7072BC99C7D00B7C007 /* Urbanist-Italic.ttf */; };
		921DE7202BC99C7D00B7C007 /* Urbanist-Light.ttf in Resources */ = {isa = PBXBuildFile; fileRef = 921DE7082BC99C7D00B7C007 /* Urbanist-Light.ttf */; };
		921DE7212BC99C7D00B7C007 /* Urbanist-LightItalic.ttf in Resources */ = {isa = PBXBuildFile; fileRef = 921DE7092BC99C7D00B7C007 /* Urbanist-LightItalic.ttf */; };
		921DE7222BC99C7D00B7C007 /* Urbanist-Medium.ttf in Resources */ = {isa = PBXBuildFile; fileRef = 921DE70A2BC99C7D00B7C007 /* Urbanist-Medium.ttf */; };
		921DE7232BC99C7D00B7C007 /* Urbanist-MediumItalic.ttf in Resources */ = {isa = PBXBuildFile; fileRef = 921DE70B2BC99C7D00B7C007 /* Urbanist-MediumItalic.ttf */; };
		921DE7242BC99C7D00B7C007 /* Urbanist-Regular.ttf in Resources */ = {isa = PBXBuildFile; fileRef = 921DE70C2BC99C7D00B7C007 /* Urbanist-Regular.ttf */; };
		921DE7252BC99C7D00B7C007 /* Urbanist-SemiBold.ttf in Resources */ = {isa = PBXBuildFile; fileRef = 921DE70D2BC99C7D00B7C007 /* Urbanist-SemiBold.ttf */; };
		921DE7262BC99C7D00B7C007 /* Urbanist-SemiBoldItalic.ttf in Resources */ = {isa = PBXBuildFile; fileRef = 921DE70E2BC99C7D00B7C007 /* Urbanist-SemiBoldItalic.ttf */; };
		921DE7272BC99C7D00B7C007 /* Urbanist-Thin.ttf in Resources */ = {isa = PBXBuildFile; fileRef = 921DE70F2BC99C7D00B7C007 /* Urbanist-Thin.ttf */; };
		921DE7282BC99C7D00B7C007 /* Urbanist-ThinItalic.ttf in Resources */ = {isa = PBXBuildFile; fileRef = 921DE7102BC99C7D00B7C007 /* Urbanist-ThinItalic.ttf */; };
		921DE7292BC99C7D00B7C007 /* OFL.txt in Resources */ = {isa = PBXBuildFile; fileRef = 921DE7122BC99C7D00B7C007 /* OFL.txt */; };
		921DE72A2BC99C7D00B7C007 /* README.txt in Resources */ = {isa = PBXBuildFile; fileRef = 921DE7132BC99C7D00B7C007 /* README.txt */; };
		921DE72B2BC99C7D00B7C007 /* Urbanist-Italic-VariableFont_wght.ttf in Resources */ = {isa = PBXBuildFile; fileRef = 921DE7142BC99C7D00B7C007 /* Urbanist-Italic-VariableFont_wght.ttf */; };
		921DE72C2BC99C7D00B7C007 /* Urbanist-VariableFont_wght.ttf in Resources */ = {isa = PBXBuildFile; fileRef = 921DE7152BC99C7D00B7C007 /* Urbanist-VariableFont_wght.ttf */; };
		923551D32BC54C6C00E10EB3 /* SignInView.swift in Sources */ = {isa = PBXBuildFile; fileRef = 923551D22BC54C6C00E10EB3 /* SignInView.swift */; };
		923551D52BC5AC8000E10EB3 /* FolderViewModel.swift in Sources */ = {isa = PBXBuildFile; fileRef = 923551D42BC5AC8000E10EB3 /* FolderViewModel.swift */; };
		923C4DE32C0DD2E600E6B186 /* RiveRuntime in Frameworks */ = {isa = PBXBuildFile; productRef = 923C4DE22C0DD2E600E6B186 /* RiveRuntime */; };
		923C4DEC2C0DD5C400E6B186 /* button.riv in Resources */ = {isa = PBXBuildFile; fileRef = 923C4DE42C0DD5C400E6B186 /* button.riv */; };
		923C4DED2C0DD5C400E6B186 /* check.riv in Resources */ = {isa = PBXBuildFile; fileRef = 923C4DE52C0DD5C400E6B186 /* check.riv */; };
		923C4DEE2C0DD5C400E6B186 /* confetti.riv in Resources */ = {isa = PBXBuildFile; fileRef = 923C4DE62C0DD5C400E6B186 /* confetti.riv */; };
		923C4DEF2C0DD5C400E6B186 /* house.riv in Resources */ = {isa = PBXBuildFile; fileRef = 923C4DE72C0DD5C400E6B186 /* house.riv */; };
		923C4DF02C0DD5C400E6B186 /* icons.riv in Resources */ = {isa = PBXBuildFile; fileRef = 923C4DE82C0DD5C400E6B186 /* icons.riv */; };
		923C4DF12C0DD5C400E6B186 /* menu_button.riv in Resources */ = {isa = PBXBuildFile; fileRef = 923C4DE92C0DD5C400E6B186 /* menu_button.riv */; };
		923C4DF22C0DD5C400E6B186 /* shapes.riv in Resources */ = {isa = PBXBuildFile; fileRef = 923C4DEA2C0DD5C400E6B186 /* shapes.riv */; };
		9257981F2BB2195400254FB4 /* PostNotesApp.swift in Sources */ = {isa = PBXBuildFile; fileRef = 9257981E2BB2195400254FB4 /* PostNotesApp.swift */; };
		925798212BB21D1D00254FB4 /* RoundButton.swift in Sources */ = {isa = PBXBuildFile; fileRef = 925798202BB21D1D00254FB4 /* RoundButton.swift */; };
		925FF01F2BAF6ABD00F8EE87 /* PostNotesTabView.swift in Sources */ = {isa = PBXBuildFile; fileRef = 925FF01E2BAF6ABD00F8EE87 /* PostNotesTabView.swift */; };
		925FF0212BAF6ABE00F8EE87 /* Assets.xcassets in Resources */ = {isa = PBXBuildFile; fileRef = 925FF0202BAF6ABE00F8EE87 /* Assets.xcassets */; };
		925FF0242BAF6ABE00F8EE87 /* Preview Assets.xcassets in Resources */ = {isa = PBXBuildFile; fileRef = 925FF0232BAF6ABE00F8EE87 /* Preview Assets.xcassets */; };
		925FF02D2BAF6AE800F8EE87 /* GridView.swift in Sources */ = {isa = PBXBuildFile; fileRef = 925FF02C2BAF6AE800F8EE87 /* GridView.swift */; };
		925FF02F2BAF6B1300F8EE87 /* AccountView.swift in Sources */ = {isa = PBXBuildFile; fileRef = 925FF02E2BAF6B1300F8EE87 /* AccountView.swift */; };
		925FF0332BAF6B5B00F8EE87 /* CustiomGridtem.swift in Sources */ = {isa = PBXBuildFile; fileRef = 925FF0322BAF6B5B00F8EE87 /* CustiomGridtem.swift */; };
		925FF0352BAF6B9300F8EE87 /* CustomTextField.swift in Sources */ = {isa = PBXBuildFile; fileRef = 925FF0342BAF6B9300F8EE87 /* CustomTextField.swift */; };
		925FF03A2BAF709600F8EE87 /* CutomNotepad.swift in Sources */ = {isa = PBXBuildFile; fileRef = 925FF0392BAF709500F8EE87 /* CutomNotepad.swift */; };
		926705032BCD621600372250 /* SettingsViewModel.swift in Sources */ = {isa = PBXBuildFile; fileRef = 926705022BCD621600372250 /* SettingsViewModel.swift */; };
		926705072BCDE32400372250 /* MessageStore.swift in Sources */ = {isa = PBXBuildFile; fileRef = 926705062BCDE32400372250 /* MessageStore.swift */; };
		926812592BB0DD140048822D /* SettingsView.swift in Sources */ = {isa = PBXBuildFile; fileRef = 926812582BB0DD140048822D /* SettingsView.swift */; };
		926812772BB1D6C30048822D /* FoldersView.swift in Sources */ = {isa = PBXBuildFile; fileRef = 926812762BB1D6C20048822D /* FoldersView.swift */; };
		927173CF2C0B2F7A007618FA /* LaunchAnimation.swift in Sources */ = {isa = PBXBuildFile; fileRef = 927173CE2C0B2F7A007618FA /* LaunchAnimation.swift */; };
		928B95242C08EEED0010D729 /* BlurView.swift in Sources */ = {isa = PBXBuildFile; fileRef = 928B95232C08EEED0010D729 /* BlurView.swift */; };
		928B95272C08F02B0010D729 /* ExploreView.swift in Sources */ = {isa = PBXBuildFile; fileRef = 928B95262C08F02B0010D729 /* ExploreView.swift */; };
		928B95292C08F0AB0010D729 /* ExploreList.swift in Sources */ = {isa = PBXBuildFile; fileRef = 928B95282C08F0AB0010D729 /* ExploreList.swift */; };
		92C0D2952BC095E300CBD080 /* firstNoteAdd.swift in Sources */ = {isa = PBXBuildFile; fileRef = 92C0D2942BC095E300CBD080 /* firstNoteAdd.swift */; };
		92C0D29C2BC0C30900CBD080 /* CustomTabView.swift in Sources */ = {isa = PBXBuildFile; fileRef = 92C0D29B2BC0C30900CBD080 /* CustomTabView.swift */; };
		92C0D2B32BC1AD9700CBD080 /* TriangleShape.swift in Sources */ = {isa = PBXBuildFile; fileRef = 92C0D2AF2BC1AD9700CBD080 /* TriangleShape.swift */; };
		92C0D2B42BC1AD9700CBD080 /* TriangleLoader.swift in Sources */ = {isa = PBXBuildFile; fileRef = 92C0D2B12BC1AD9700CBD080 /* TriangleLoader.swift */; };
		92C0D2B62BC1B5D400CBD080 /* SearchBar.swift in Sources */ = {isa = PBXBuildFile; fileRef = 92C0D2B52BC1B5D400CBD080 /* SearchBar.swift */; };
		92C877D82BB442A2000E9BBB /* CustomNotepadWide.swift in Sources */ = {isa = PBXBuildFile; fileRef = 92C877D72BB442A2000E9BBB /* CustomNotepadWide.swift */; };
		92C877DA2BB445B1000E9BBB /* CustomNotepadPopover.swift in Sources */ = {isa = PBXBuildFile; fileRef = 92C877D92BB445B1000E9BBB /* CustomNotepadPopover.swift */; };
		92C9734B2BB09ECA0080C2C0 /* DetailedVIew.swift in Sources */ = {isa = PBXBuildFile; fileRef = 92C9734A2BB09ECA0080C2C0 /* DetailedVIew.swift */; };
		92C973502BB0A3870080C2C0 /* ARCADECLASSIC.TTF in Resources */ = {isa = PBXBuildFile; fileRef = 92C9734C2BB0A0B40080C2C0 /* ARCADECLASSIC.TTF */; };
		92CBAA672BF3AF6D0064291E /* TestForChatListView.swift in Sources */ = {isa = PBXBuildFile; fileRef = 92CBAA662BF3AF6D0064291E /* TestForChatListView.swift */; };
		92CC639E2BC547E300D53101 /* FlatGlassView.swift in Sources */ = {isa = PBXBuildFile; fileRef = 92CC639D2BC547E300D53101 /* FlatGlassView.swift */; };
		92CF50A32BBDB5BD00BC2A49 /* NoteModel.swift in Sources */ = {isa = PBXBuildFile; fileRef = 92CF50A22BBDB5BD00BC2A49 /* NoteModel.swift */; };
		92EB43882C065E6B00018579 /* DetailedViewViewModel.swift in Sources */ = {isa = PBXBuildFile; fileRef = 92EB43872C065E6B00018579 /* DetailedViewViewModel.swift */; };
		92FC18C32BED0DAD0091469C /* ChatView.swift in Sources */ = {isa = PBXBuildFile; fileRef = 92FC18C22BED0DAD0091469C /* ChatView.swift */; };
		92FC18C62BED0DD40091469C /* ProfileView.swift in Sources */ = {isa = PBXBuildFile; fileRef = 92FC18C52BED0DD40091469C /* ProfileView.swift */; };
		92FC18C82BED0E470091469C /* ChatViewModel.swift in Sources */ = {isa = PBXBuildFile; fileRef = 92FC18C72BED0E470091469C /* ChatViewModel.swift */; };
		92FC18CC2BEFC5B80091469C /* OpenAI in Frameworks */ = {isa = PBXBuildFile; productRef = 92FC18CB2BEFC5B80091469C /* OpenAI */; };
/* End PBXBuildFile section */

/* Begin PBXCopyFilesBuildPhase section */
		92166DDD2BC1D1200027511B /* Embed Foundation Extensions */ = {
			isa = PBXCopyFilesBuildPhase;
			buildActionMask = 2147483647;
			dstPath = "";
			dstSubfolderSpec = 13;
			files = (
			);
			name = "Embed Foundation Extensions";
			runOnlyForDeploymentPostprocessing = 0;
		};
/* End PBXCopyFilesBuildPhase section */

/* Begin PBXFileReference section */
		920594EF2BECD54F005D09D8 /* DefaultAnimationAnimationModifier.swift */ = {isa = PBXFileReference; lastKnownFileType = sourcecode.swift; path = DefaultAnimationAnimationModifier.swift; sourceTree = "<group>"; };
		920BD6B12C07D39900BF3B46 /* CameraView.swift */ = {isa = PBXFileReference; lastKnownFileType = sourcecode.swift; path = CameraView.swift; sourceTree = "<group>"; };
		920BD6B32C07D3C900BF3B46 /* CameraPreview.swift */ = {isa = PBXFileReference; lastKnownFileType = sourcecode.swift; path = CameraPreview.swift; sourceTree = "<group>"; };
		920BD6B52C07D3DF00BF3B46 /* CameraManager.swift */ = {isa = PBXFileReference; lastKnownFileType = sourcecode.swift; path = CameraManager.swift; sourceTree = "<group>"; };
		920BD6B72C07D3F700BF3B46 /* CameraViewModel.swift */ = {isa = PBXFileReference; lastKnownFileType = sourcecode.swift; path = CameraViewModel.swift; sourceTree = "<group>"; };
		920F43C32BDA6F6B0047680E /* KeychainHelper.swift */ = {isa = PBXFileReference; lastKnownFileType = sourcecode.swift; path = KeychainHelper.swift; sourceTree = "<group>"; };
		921341D82BE4272200B92692 /* AuthView.swift */ = {isa = PBXFileReference; lastKnownFileType = sourcecode.swift; path = AuthView.swift; sourceTree = "<group>"; };
		921341DA2BE4273900B92692 /* AuthViewModel.swift */ = {isa = PBXFileReference; lastKnownFileType = sourcecode.swift; path = AuthViewModel.swift; sourceTree = "<group>"; };
		921341DC2BE4274B00B92692 /* AuthService.swift */ = {isa = PBXFileReference; lastKnownFileType = sourcecode.swift; path = AuthService.swift; sourceTree = "<group>"; };
		921341DF2BE42C1200B92692 /* GoogleService-Info.plist */ = {isa = PBXFileReference; fileEncoding = 4; lastKnownFileType = text.plist.xml; path = "GoogleService-Info.plist"; sourceTree = "<group>"; };
		921341E82BE5183500B92692 /* AppState.swift */ = {isa = PBXFileReference; lastKnownFileType = sourcecode.swift; path = AppState.swift; sourceTree = "<group>"; };
		921341EB2BE958C000B92692 /* ChatListView.swift */ = {isa = PBXFileReference; lastKnownFileType = sourcecode.swift; path = ChatListView.swift; sourceTree = "<group>"; };
		921341ED2BE958CB00B92692 /* ChatListViewModel.swift */ = {isa = PBXFileReference; lastKnownFileType = sourcecode.swift; path = ChatListViewModel.swift; sourceTree = "<group>"; };
		92166DCC2BC1D11F0027511B /* SwiftUI.framework */ = {isa = PBXFileReference; lastKnownFileType = wrapper.framework; name = SwiftUI.framework; path = System/Library/Frameworks/SwiftUI.framework; sourceTree = SDKROOT; };
		921DE6F92BC9641200B7C007 /* MessageModel.swift */ = {isa = PBXFileReference; lastKnownFileType = sourcecode.swift; path = MessageModel.swift; sourceTree = "<group>"; };
		921DE6FB2BC964FD00B7C007 /* Constants.swift */ = {isa = PBXFileReference; lastKnownFileType = sourcecode.swift; path = Constants.swift; sourceTree = "<group>"; };
		921DE6FD2BC965AD00B7C007 /* MessageView.swift */ = {isa = PBXFileReference; lastKnownFileType = sourcecode.swift; path = MessageView.swift; sourceTree = "<group>"; };
		921DE6FF2BC99C7D00B7C007 /* Urbanist-Black.ttf */ = {isa = PBXFileReference; lastKnownFileType = file; path = "Urbanist-Black.ttf"; sourceTree = "<group>"; };
		921DE7002BC99C7D00B7C007 /* Urbanist-BlackItalic.ttf */ = {isa = PBXFileReference; lastKnownFileType = file; path = "Urbanist-BlackItalic.ttf"; sourceTree = "<group>"; };
		921DE7012BC99C7D00B7C007 /* Urbanist-Bold.ttf */ = {isa = PBXFileReference; lastKnownFileType = file; path = "Urbanist-Bold.ttf"; sourceTree = "<group>"; };
		921DE7022BC99C7D00B7C007 /* Urbanist-BoldItalic.ttf */ = {isa = PBXFileReference; lastKnownFileType = file; path = "Urbanist-BoldItalic.ttf"; sourceTree = "<group>"; };
		921DE7032BC99C7D00B7C007 /* Urbanist-ExtraBold.ttf */ = {isa = PBXFileReference; lastKnownFileType = file; path = "Urbanist-ExtraBold.ttf"; sourceTree = "<group>"; };
		921DE7042BC99C7D00B7C007 /* Urbanist-ExtraBoldItalic.ttf */ = {isa = PBXFileReference; lastKnownFileType = file; path = "Urbanist-ExtraBoldItalic.ttf"; sourceTree = "<group>"; };
		921DE7052BC99C7D00B7C007 /* Urbanist-ExtraLight.ttf */ = {isa = PBXFileReference; lastKnownFileType = file; path = "Urbanist-ExtraLight.ttf"; sourceTree = "<group>"; };
		921DE7062BC99C7D00B7C007 /* Urbanist-ExtraLightItalic.ttf */ = {isa = PBXFileReference; lastKnownFileType = file; path = "Urbanist-ExtraLightItalic.ttf"; sourceTree = "<group>"; };
		921DE7072BC99C7D00B7C007 /* Urbanist-Italic.ttf */ = {isa = PBXFileReference; lastKnownFileType = file; path = "Urbanist-Italic.ttf"; sourceTree = "<group>"; };
		921DE7082BC99C7D00B7C007 /* Urbanist-Light.ttf */ = {isa = PBXFileReference; lastKnownFileType = file; path = "Urbanist-Light.ttf"; sourceTree = "<group>"; };
		921DE7092BC99C7D00B7C007 /* Urbanist-LightItalic.ttf */ = {isa = PBXFileReference; lastKnownFileType = file; path = "Urbanist-LightItalic.ttf"; sourceTree = "<group>"; };
		921DE70A2BC99C7D00B7C007 /* Urbanist-Medium.ttf */ = {isa = PBXFileReference; lastKnownFileType = file; path = "Urbanist-Medium.ttf"; sourceTree = "<group>"; };
		921DE70B2BC99C7D00B7C007 /* Urbanist-MediumItalic.ttf */ = {isa = PBXFileReference; lastKnownFileType = file; path = "Urbanist-MediumItalic.ttf"; sourceTree = "<group>"; };
		921DE70C2BC99C7D00B7C007 /* Urbanist-Regular.ttf */ = {isa = PBXFileReference; lastKnownFileType = file; path = "Urbanist-Regular.ttf"; sourceTree = "<group>"; };
		921DE70D2BC99C7D00B7C007 /* Urbanist-SemiBold.ttf */ = {isa = PBXFileReference; lastKnownFileType = file; path = "Urbanist-SemiBold.ttf"; sourceTree = "<group>"; };
		921DE70E2BC99C7D00B7C007 /* Urbanist-SemiBoldItalic.ttf */ = {isa = PBXFileReference; lastKnownFileType = file; path = "Urbanist-SemiBoldItalic.ttf"; sourceTree = "<group>"; };
		921DE70F2BC99C7D00B7C007 /* Urbanist-Thin.ttf */ = {isa = PBXFileReference; lastKnownFileType = file; path = "Urbanist-Thin.ttf"; sourceTree = "<group>"; };
		921DE7102BC99C7D00B7C007 /* Urbanist-ThinItalic.ttf */ = {isa = PBXFileReference; lastKnownFileType = file; path = "Urbanist-ThinItalic.ttf"; sourceTree = "<group>"; };
		921DE7122BC99C7D00B7C007 /* OFL.txt */ = {isa = PBXFileReference; fileEncoding = 4; lastKnownFileType = text; path = OFL.txt; sourceTree = "<group>"; };
		921DE7132BC99C7D00B7C007 /* README.txt */ = {isa = PBXFileReference; fileEncoding = 4; lastKnownFileType = text; path = README.txt; sourceTree = "<group>"; };
		921DE7142BC99C7D00B7C007 /* Urbanist-Italic-VariableFont_wght.ttf */ = {isa = PBXFileReference; lastKnownFileType = file; path = "Urbanist-Italic-VariableFont_wght.ttf"; sourceTree = "<group>"; };
		921DE7152BC99C7D00B7C007 /* Urbanist-VariableFont_wght.ttf */ = {isa = PBXFileReference; lastKnownFileType = file; path = "Urbanist-VariableFont_wght.ttf"; sourceTree = "<group>"; };
		923551D22BC54C6C00E10EB3 /* SignInView.swift */ = {isa = PBXFileReference; lastKnownFileType = sourcecode.swift; path = SignInView.swift; sourceTree = "<group>"; };
		923551D42BC5AC8000E10EB3 /* FolderViewModel.swift */ = {isa = PBXFileReference; lastKnownFileType = sourcecode.swift; path = FolderViewModel.swift; sourceTree = "<group>"; };
		923C4DE42C0DD5C400E6B186 /* button.riv */ = {isa = PBXFileReference; lastKnownFileType = file; path = button.riv; sourceTree = "<group>"; };
		923C4DE52C0DD5C400E6B186 /* check.riv */ = {isa = PBXFileReference; lastKnownFileType = file; path = check.riv; sourceTree = "<group>"; };
		923C4DE62C0DD5C400E6B186 /* confetti.riv */ = {isa = PBXFileReference; lastKnownFileType = file; path = confetti.riv; sourceTree = "<group>"; };
		923C4DE72C0DD5C400E6B186 /* house.riv */ = {isa = PBXFileReference; lastKnownFileType = file; path = house.riv; sourceTree = "<group>"; };
		923C4DE82C0DD5C400E6B186 /* icons.riv */ = {isa = PBXFileReference; lastKnownFileType = file; path = icons.riv; sourceTree = "<group>"; };
		923C4DE92C0DD5C400E6B186 /* menu_button.riv */ = {isa = PBXFileReference; lastKnownFileType = file; path = menu_button.riv; sourceTree = "<group>"; };
		923C4DEA2C0DD5C400E6B186 /* shapes.riv */ = {isa = PBXFileReference; lastKnownFileType = file; path = shapes.riv; sourceTree = "<group>"; };
		9257981E2BB2195400254FB4 /* PostNotesApp.swift */ = {isa = PBXFileReference; fileEncoding = 4; lastKnownFileType = sourcecode.swift; path = PostNotesApp.swift; sourceTree = "<group>"; };
		925798202BB21D1D00254FB4 /* RoundButton.swift */ = {isa = PBXFileReference; lastKnownFileType = sourcecode.swift; path = RoundButton.swift; sourceTree = "<group>"; };
		925FF0192BAF6ABD00F8EE87 /* PostNotes.app */ = {isa = PBXFileReference; explicitFileType = wrapper.application; includeInIndex = 0; path = PostNotes.app; sourceTree = BUILT_PRODUCTS_DIR; };
		925FF01E2BAF6ABD00F8EE87 /* PostNotesTabView.swift */ = {isa = PBXFileReference; lastKnownFileType = sourcecode.swift; path = PostNotesTabView.swift; sourceTree = "<group>"; };
		925FF0202BAF6ABE00F8EE87 /* Assets.xcassets */ = {isa = PBXFileReference; lastKnownFileType = folder.assetcatalog; path = Assets.xcassets; sourceTree = "<group>"; };
		925FF0232BAF6ABE00F8EE87 /* Preview Assets.xcassets */ = {isa = PBXFileReference; lastKnownFileType = folder.assetcatalog; path = "Preview Assets.xcassets"; sourceTree = "<group>"; };
		925FF02C2BAF6AE800F8EE87 /* GridView.swift */ = {isa = PBXFileReference; lastKnownFileType = sourcecode.swift; path = GridView.swift; sourceTree = "<group>"; };
		925FF02E2BAF6B1300F8EE87 /* AccountView.swift */ = {isa = PBXFileReference; lastKnownFileType = sourcecode.swift; path = AccountView.swift; sourceTree = "<group>"; };
		925FF0322BAF6B5B00F8EE87 /* CustiomGridtem.swift */ = {isa = PBXFileReference; lastKnownFileType = sourcecode.swift; path = CustiomGridtem.swift; sourceTree = "<group>"; };
		925FF0342BAF6B9300F8EE87 /* CustomTextField.swift */ = {isa = PBXFileReference; lastKnownFileType = sourcecode.swift; path = CustomTextField.swift; sourceTree = "<group>"; };
		925FF0392BAF709500F8EE87 /* CutomNotepad.swift */ = {isa = PBXFileReference; lastKnownFileType = sourcecode.swift; path = CutomNotepad.swift; sourceTree = "<group>"; };
		926705022BCD621600372250 /* SettingsViewModel.swift */ = {isa = PBXFileReference; lastKnownFileType = sourcecode.swift; path = SettingsViewModel.swift; sourceTree = "<group>"; };
		926705062BCDE32400372250 /* MessageStore.swift */ = {isa = PBXFileReference; lastKnownFileType = sourcecode.swift; path = MessageStore.swift; sourceTree = "<group>"; };
		926812582BB0DD140048822D /* SettingsView.swift */ = {isa = PBXFileReference; lastKnownFileType = sourcecode.swift; path = SettingsView.swift; sourceTree = "<group>"; };
		926812762BB1D6C20048822D /* FoldersView.swift */ = {isa = PBXFileReference; lastKnownFileType = sourcecode.swift; path = FoldersView.swift; sourceTree = "<group>"; };
		927173CE2C0B2F7A007618FA /* LaunchAnimation.swift */ = {isa = PBXFileReference; lastKnownFileType = sourcecode.swift; path = LaunchAnimation.swift; sourceTree = "<group>"; };
		928B95232C08EEED0010D729 /* BlurView.swift */ = {isa = PBXFileReference; lastKnownFileType = sourcecode.swift; path = BlurView.swift; sourceTree = "<group>"; };
		928B95262C08F02B0010D729 /* ExploreView.swift */ = {isa = PBXFileReference; lastKnownFileType = sourcecode.swift; path = ExploreView.swift; sourceTree = "<group>"; };
		928B95282C08F0AB0010D729 /* ExploreList.swift */ = {isa = PBXFileReference; lastKnownFileType = sourcecode.swift; path = ExploreList.swift; sourceTree = "<group>"; };
		92C0D2942BC095E300CBD080 /* firstNoteAdd.swift */ = {isa = PBXFileReference; lastKnownFileType = sourcecode.swift; path = firstNoteAdd.swift; sourceTree = "<group>"; };
		92C0D29B2BC0C30900CBD080 /* CustomTabView.swift */ = {isa = PBXFileReference; lastKnownFileType = sourcecode.swift; path = CustomTabView.swift; sourceTree = "<group>"; };
		92C0D2AF2BC1AD9700CBD080 /* TriangleShape.swift */ = {isa = PBXFileReference; fileEncoding = 4; lastKnownFileType = sourcecode.swift; path = TriangleShape.swift; sourceTree = "<group>"; };
		92C0D2B12BC1AD9700CBD080 /* TriangleLoader.swift */ = {isa = PBXFileReference; fileEncoding = 4; lastKnownFileType = sourcecode.swift; path = TriangleLoader.swift; sourceTree = "<group>"; };
		92C0D2B52BC1B5D400CBD080 /* SearchBar.swift */ = {isa = PBXFileReference; lastKnownFileType = sourcecode.swift; path = SearchBar.swift; sourceTree = "<group>"; };
		92C877D72BB442A2000E9BBB /* CustomNotepadWide.swift */ = {isa = PBXFileReference; lastKnownFileType = sourcecode.swift; path = CustomNotepadWide.swift; sourceTree = "<group>"; };
		92C877D92BB445B1000E9BBB /* CustomNotepadPopover.swift */ = {isa = PBXFileReference; lastKnownFileType = sourcecode.swift; path = CustomNotepadPopover.swift; sourceTree = "<group>"; };
		92C9734A2BB09ECA0080C2C0 /* DetailedVIew.swift */ = {isa = PBXFileReference; lastKnownFileType = sourcecode.swift; path = DetailedVIew.swift; sourceTree = "<group>"; };
		92C9734C2BB0A0B40080C2C0 /* ARCADECLASSIC.TTF */ = {isa = PBXFileReference; lastKnownFileType = file; path = ARCADECLASSIC.TTF; sourceTree = "<group>"; };
		92C973512BB0A41C0080C2C0 /* Info.plist */ = {isa = PBXFileReference; lastKnownFileType = text.plist; path = Info.plist; sourceTree = "<group>"; };
		92CBAA662BF3AF6D0064291E /* TestForChatListView.swift */ = {isa = PBXFileReference; lastKnownFileType = sourcecode.swift; path = TestForChatListView.swift; sourceTree = "<group>"; };
		92CC639D2BC547E300D53101 /* FlatGlassView.swift */ = {isa = PBXFileReference; lastKnownFileType = sourcecode.swift; path = FlatGlassView.swift; sourceTree = "<group>"; };
		92CF50A22BBDB5BD00BC2A49 /* NoteModel.swift */ = {isa = PBXFileReference; lastKnownFileType = sourcecode.swift; path = NoteModel.swift; sourceTree = "<group>"; };
		92EB43872C065E6B00018579 /* DetailedViewViewModel.swift */ = {isa = PBXFileReference; lastKnownFileType = sourcecode.swift; path = DetailedViewViewModel.swift; sourceTree = "<group>"; };
		92FC18C22BED0DAD0091469C /* ChatView.swift */ = {isa = PBXFileReference; lastKnownFileType = sourcecode.swift; path = ChatView.swift; sourceTree = "<group>"; };
		92FC18C52BED0DD40091469C /* ProfileView.swift */ = {isa = PBXFileReference; lastKnownFileType = sourcecode.swift; path = ProfileView.swift; sourceTree = "<group>"; };
		92FC18C72BED0E470091469C /* ChatViewModel.swift */ = {isa = PBXFileReference; lastKnownFileType = sourcecode.swift; path = ChatViewModel.swift; sourceTree = "<group>"; };
/* End PBXFileReference section */

/* Begin PBXFrameworksBuildPhase section */
		925FF0162BAF6ABD00F8EE87 /* Frameworks */ = {
			isa = PBXFrameworksBuildPhase;
			buildActionMask = 2147483647;
			files = (
				923C4DE32C0DD2E600E6B186 /* RiveRuntime in Frameworks */,
				921341E32BE431CD00B92692 /* FirebaseAuth in Frameworks */,
				921341E52BE431CD00B92692 /* FirebaseFirestore in Frameworks */,
				92FC18CC2BEFC5B80091469C /* OpenAI in Frameworks */,
				921341E72BE431CD00B92692 /* FirebaseFirestoreSwift in Frameworks */,
			);
			runOnlyForDeploymentPostprocessing = 0;
		};
/* End PBXFrameworksBuildPhase section */

/* Begin PBXGroup section */
		920594EE2BECD52F005D09D8 /* Animations */ = {
			isa = PBXGroup;
			children = (
				920594EF2BECD54F005D09D8 /* DefaultAnimationAnimationModifier.swift */,
			);
			path = Animations;
			sourceTree = "<group>";
		};
		920BD6B02C07D2F600BF3B46 /* Camera */ = {
			isa = PBXGroup;
			children = (
				920BD6B12C07D39900BF3B46 /* CameraView.swift */,
				920BD6B32C07D3C900BF3B46 /* CameraPreview.swift */,
				920BD6B52C07D3DF00BF3B46 /* CameraManager.swift */,
				920BD6B72C07D3F700BF3B46 /* CameraViewModel.swift */,
			);
			path = Camera;
			sourceTree = "<group>";
		};
		921341DE2BE4276A00B92692 /* Authentication */ = {
			isa = PBXGroup;
			children = (
				921341D82BE4272200B92692 /* AuthView.swift */,
				921341DA2BE4273900B92692 /* AuthViewModel.swift */,
				921341DC2BE4274B00B92692 /* AuthService.swift */,
			);
			path = Authentication;
			sourceTree = "<group>";
		};
		921341EA2BE958AB00B92692 /* ChatList */ = {
			isa = PBXGroup;
			children = (
				921341EB2BE958C000B92692 /* ChatListView.swift */,
				921341ED2BE958CB00B92692 /* ChatListViewModel.swift */,
				92CBAA662BF3AF6D0064291E /* TestForChatListView.swift */,
			);
			path = ChatList;
			sourceTree = "<group>";
		};
		92166DC92BC1D11F0027511B /* Frameworks */ = {
			isa = PBXGroup;
			children = (
				92166DCC2BC1D11F0027511B /* SwiftUI.framework */,
			);
			name = Frameworks;
			sourceTree = "<group>";
		};
		921DE7112BC99C7D00B7C007 /* static */ = {
			isa = PBXGroup;
			children = (
				921DE6FF2BC99C7D00B7C007 /* Urbanist-Black.ttf */,
				921DE7002BC99C7D00B7C007 /* Urbanist-BlackItalic.ttf */,
				921DE7012BC99C7D00B7C007 /* Urbanist-Bold.ttf */,
				921DE7022BC99C7D00B7C007 /* Urbanist-BoldItalic.ttf */,
				921DE7032BC99C7D00B7C007 /* Urbanist-ExtraBold.ttf */,
				921DE7042BC99C7D00B7C007 /* Urbanist-ExtraBoldItalic.ttf */,
				921DE7052BC99C7D00B7C007 /* Urbanist-ExtraLight.ttf */,
				921DE7062BC99C7D00B7C007 /* Urbanist-ExtraLightItalic.ttf */,
				921DE7072BC99C7D00B7C007 /* Urbanist-Italic.ttf */,
				921DE7082BC99C7D00B7C007 /* Urbanist-Light.ttf */,
				921DE7092BC99C7D00B7C007 /* Urbanist-LightItalic.ttf */,
				921DE70A2BC99C7D00B7C007 /* Urbanist-Medium.ttf */,
				921DE70B2BC99C7D00B7C007 /* Urbanist-MediumItalic.ttf */,
				921DE70C2BC99C7D00B7C007 /* Urbanist-Regular.ttf */,
				921DE70D2BC99C7D00B7C007 /* Urbanist-SemiBold.ttf */,
				921DE70E2BC99C7D00B7C007 /* Urbanist-SemiBoldItalic.ttf */,
				921DE70F2BC99C7D00B7C007 /* Urbanist-Thin.ttf */,
				921DE7102BC99C7D00B7C007 /* Urbanist-ThinItalic.ttf */,
			);
			path = static;
			sourceTree = "<group>";
		};
		921DE7162BC99C7D00B7C007 /* Urbanist */ = {
			isa = PBXGroup;
			children = (
				921DE7112BC99C7D00B7C007 /* static */,
				921DE7122BC99C7D00B7C007 /* OFL.txt */,
				921DE7132BC99C7D00B7C007 /* README.txt */,
				921DE7142BC99C7D00B7C007 /* Urbanist-Italic-VariableFont_wght.ttf */,
				921DE7152BC99C7D00B7C007 /* Urbanist-VariableFont_wght.ttf */,
			);
			path = Urbanist;
			sourceTree = "<group>";
		};
		923551D82BC6F03B00E10EB3 /* Screens */ = {
			isa = PBXGroup;
			children = (
				925FF01E2BAF6ABD00F8EE87 /* PostNotesTabView.swift */,
				925FF02C2BAF6AE800F8EE87 /* GridView.swift */,
				925FF02E2BAF6B1300F8EE87 /* AccountView.swift */,
				92C9734A2BB09ECA0080C2C0 /* DetailedVIew.swift */,
				926812762BB1D6C20048822D /* FoldersView.swift */,
				926812582BB0DD140048822D /* SettingsView.swift */,
				928B95252C08F0150010D729 /* Explore */,
			);
			path = Screens;
			sourceTree = "<group>";
		};
		923C4DEB2C0DD5C400E6B186 /* RiveAssets */ = {
			isa = PBXGroup;
			children = (
				923C4DE42C0DD5C400E6B186 /* button.riv */,
				923C4DE52C0DD5C400E6B186 /* check.riv */,
				923C4DE62C0DD5C400E6B186 /* confetti.riv */,
				923C4DE72C0DD5C400E6B186 /* house.riv */,
				923C4DE82C0DD5C400E6B186 /* icons.riv */,
				923C4DE92C0DD5C400E6B186 /* menu_button.riv */,
				923C4DEA2C0DD5C400E6B186 /* shapes.riv */,
			);
			path = RiveAssets;
			sourceTree = "<group>";
		};
		925FF0102BAF6ABD00F8EE87 = {
			isa = PBXGroup;
			children = (
				925FF01B2BAF6ABD00F8EE87 /* PostNotes */,
				92166DC92BC1D11F0027511B /* Frameworks */,
				925FF01A2BAF6ABD00F8EE87 /* Products */,
			);
			sourceTree = "<group>";
		};
		925FF01A2BAF6ABD00F8EE87 /* Products */ = {
			isa = PBXGroup;
			children = (
				925FF0192BAF6ABD00F8EE87 /* PostNotes.app */,
			);
			name = Products;
			sourceTree = "<group>";
		};
		925FF01B2BAF6ABD00F8EE87 /* PostNotes */ = {
			isa = PBXGroup;
			children = (
				9257981E2BB2195400254FB4 /* PostNotesApp.swift */,
				921341E82BE5183500B92692 /* AppState.swift */,
				92C973432BB09DF60080C2C0 /* Views */,
				926705012BCD61AD00372250 /* ViewModel */,
				92FC18C92BED16FB0091469C /* GPT */,
				920BD6B02C07D2F600BF3B46 /* Camera */,
				92C973442BB09E160080C2C0 /* Model */,
				92C973452BB09E210080C2C0 /* Utilities */,
				925FF02B2BAF6AD300F8EE87 /* Extras */,
				925FF0202BAF6ABE00F8EE87 /* Assets.xcassets */,
				923C4DEB2C0DD5C400E6B186 /* RiveAssets */,
				92C973512BB0A41C0080C2C0 /* Info.plist */,
				921341DF2BE42C1200B92692 /* GoogleService-Info.plist */,
				925FF0222BAF6ABE00F8EE87 /* Preview Content */,
			);
			path = PostNotes;
			sourceTree = "<group>";
		};
		925FF0222BAF6ABE00F8EE87 /* Preview Content */ = {
			isa = PBXGroup;
			children = (
				925FF0232BAF6ABE00F8EE87 /* Preview Assets.xcassets */,
			);
			path = "Preview Content";
			sourceTree = "<group>";
		};
		925FF02B2BAF6AD300F8EE87 /* Extras */ = {
			isa = PBXGroup;
			children = (
				928B95222C08EED50010D729 /* Fonts */,
				92C0D2B22BC1AD9700CBD080 /* TriangleLoader */,
				928B95232C08EEED0010D729 /* BlurView.swift */,
				927173CE2C0B2F7A007618FA /* LaunchAnimation.swift */,
			);
			path = Extras;
			sourceTree = "<group>";
		};
		925FF0362BAF6BB700F8EE87 /* Components */ = {
			isa = PBXGroup;
			children = (
				920594EE2BECD52F005D09D8 /* Animations */,
				925FF0322BAF6B5B00F8EE87 /* CustiomGridtem.swift */,
				92C877D92BB445B1000E9BBB /* CustomNotepadPopover.swift */,
				92C877D72BB442A2000E9BBB /* CustomNotepadWide.swift */,
				925FF0392BAF709500F8EE87 /* CutomNotepad.swift */,
				925FF0342BAF6B9300F8EE87 /* CustomTextField.swift */,
				925798202BB21D1D00254FB4 /* RoundButton.swift */,
				92C0D2942BC095E300CBD080 /* firstNoteAdd.swift */,
				92C0D2B52BC1B5D400CBD080 /* SearchBar.swift */,
				92C0D29B2BC0C30900CBD080 /* CustomTabView.swift */,
				921DE6FD2BC965AD00B7C007 /* MessageView.swift */,
				923551D22BC54C6C00E10EB3 /* SignInView.swift */,
				92CC639D2BC547E300D53101 /* FlatGlassView.swift */,
			);
			path = Components;
			sourceTree = "<group>";
		};
		926705012BCD61AD00372250 /* ViewModel */ = {
			isa = PBXGroup;
			children = (
				923551D42BC5AC8000E10EB3 /* FolderViewModel.swift */,
				926705022BCD621600372250 /* SettingsViewModel.swift */,
				92EB43872C065E6B00018579 /* DetailedViewViewModel.swift */,
			);
			path = ViewModel;
			sourceTree = "<group>";
		};
		928B95222C08EED50010D729 /* Fonts */ = {
			isa = PBXGroup;
			children = (
				92C9734C2BB0A0B40080C2C0 /* ARCADECLASSIC.TTF */,
				921DE7162BC99C7D00B7C007 /* Urbanist */,
			);
			path = Fonts;
			sourceTree = "<group>";
		};
		928B95252C08F0150010D729 /* Explore */ = {
			isa = PBXGroup;
			children = (
				928B95262C08F02B0010D729 /* ExploreView.swift */,
				928B95282C08F0AB0010D729 /* ExploreList.swift */,
			);
			path = Explore;
			sourceTree = "<group>";
		};
		92C0D2B02BC1AD9700CBD080 /* Support */ = {
			isa = PBXGroup;
			children = (
				92C0D2AF2BC1AD9700CBD080 /* TriangleShape.swift */,
			);
			path = Support;
			sourceTree = "<group>";
		};
		92C0D2B22BC1AD9700CBD080 /* TriangleLoader */ = {
			isa = PBXGroup;
			children = (
				92C0D2B02BC1AD9700CBD080 /* Support */,
				92C0D2B12BC1AD9700CBD080 /* TriangleLoader.swift */,
			);
			path = TriangleLoader;
			sourceTree = "<group>";
		};
		92C973432BB09DF60080C2C0 /* Views */ = {
			isa = PBXGroup;
			children = (
				923551D82BC6F03B00E10EB3 /* Screens */,
				925FF0362BAF6BB700F8EE87 /* Components */,
			);
			path = Views;
			sourceTree = "<group>";
		};
		92C973442BB09E160080C2C0 /* Model */ = {
			isa = PBXGroup;
			children = (
				92CF50A22BBDB5BD00BC2A49 /* NoteModel.swift */,
				921DE6F92BC9641200B7C007 /* MessageModel.swift */,
				926705062BCDE32400372250 /* MessageStore.swift */,
			);
			path = Model;
			sourceTree = "<group>";
		};
		92C973452BB09E210080C2C0 /* Utilities */ = {
			isa = PBXGroup;
			children = (
				921DE6FB2BC964FD00B7C007 /* Constants.swift */,
				920F43C32BDA6F6B0047680E /* KeychainHelper.swift */,
			);
			path = Utilities;
			sourceTree = "<group>";
		};
		92FC18C12BED0D9A0091469C /* Chat */ = {
			isa = PBXGroup;
			children = (
				92FC18C22BED0DAD0091469C /* ChatView.swift */,
				92FC18C72BED0E470091469C /* ChatViewModel.swift */,
			);
			path = Chat;
			sourceTree = "<group>";
		};
		92FC18C42BED0DBB0091469C /* Profile */ = {
			isa = PBXGroup;
			children = (
				92FC18C52BED0DD40091469C /* ProfileView.swift */,
			);
			path = Profile;
			sourceTree = "<group>";
		};
		92FC18C92BED16FB0091469C /* GPT */ = {
			isa = PBXGroup;
			children = (
				921341DE2BE4276A00B92692 /* Authentication */,
				92FC18C12BED0D9A0091469C /* Chat */,
				921341EA2BE958AB00B92692 /* ChatList */,
				92FC18C42BED0DBB0091469C /* Profile */,
			);
			path = GPT;
			sourceTree = "<group>";
		};
/* End PBXGroup section */

/* Begin PBXNativeTarget section */
		925FF0182BAF6ABD00F8EE87 /* PostNotes */ = {
			isa = PBXNativeTarget;
			buildConfigurationList = 925FF0272BAF6ABE00F8EE87 /* Build configuration list for PBXNativeTarget "PostNotes" */;
			buildPhases = (
				925FF0152BAF6ABD00F8EE87 /* Sources */,
				925FF0162BAF6ABD00F8EE87 /* Frameworks */,
				925FF0172BAF6ABD00F8EE87 /* Resources */,
				92166DDD2BC1D1200027511B /* Embed Foundation Extensions */,
			);
			buildRules = (
			);
			dependencies = (
			);
			name = PostNotes;
			packageProductDependencies = (
				921341E22BE431CD00B92692 /* FirebaseAuth */,
				921341E42BE431CD00B92692 /* FirebaseFirestore */,
				921341E62BE431CD00B92692 /* FirebaseFirestoreSwift */,
				92FC18CB2BEFC5B80091469C /* OpenAI */,
				923C4DE22C0DD2E600E6B186 /* RiveRuntime */,
			);
			productName = PostNotes;
			productReference = 925FF0192BAF6ABD00F8EE87 /* PostNotes.app */;
			productType = "com.apple.product-type.application";
		};
/* End PBXNativeTarget section */

/* Begin PBXProject section */
		925FF0112BAF6ABD00F8EE87 /* Project object */ = {
			isa = PBXProject;
			attributes = {
				BuildIndependentTargetsInParallel = 1;
				LastSwiftUpdateCheck = 1540;
				LastUpgradeCheck = 1530;
				TargetAttributes = {
					925FF0182BAF6ABD00F8EE87 = {
						CreatedOnToolsVersion = 15.3;
					};
				};
			};
			buildConfigurationList = 925FF0142BAF6ABD00F8EE87 /* Build configuration list for PBXProject "PostNotes" */;
			compatibilityVersion = "Xcode 14.0";
			developmentRegion = en;
			hasScannedForEncodings = 0;
			knownRegions = (
				en,
				Base,
			);
			mainGroup = 925FF0102BAF6ABD00F8EE87;
			packageReferences = (
				920F43B62BDA658C0047680E /* XCRemoteSwiftPackageReference "Glur" */,
				921341E12BE431CD00B92692 /* XCRemoteSwiftPackageReference "firebase-ios-sdk" */,
				92FC18CA2BEFC5B80091469C /* XCRemoteSwiftPackageReference "OpenAI" */,
				923C4DE12C0DD2E600E6B186 /* XCRemoteSwiftPackageReference "rive-ios" */,
			);
			productRefGroup = 925FF01A2BAF6ABD00F8EE87 /* Products */;
			projectDirPath = "";
			projectRoot = "";
			targets = (
				925FF0182BAF6ABD00F8EE87 /* PostNotes */,
			);
		};
/* End PBXProject section */

/* Begin PBXResourcesBuildPhase section */
		925FF0172BAF6ABD00F8EE87 /* Resources */ = {
			isa = PBXResourcesBuildPhase;
			buildActionMask = 2147483647;
			files = (
				921DE71E2BC99C7D00B7C007 /* Urbanist-ExtraLightItalic.ttf in Resources */,
				921DE7232BC99C7D00B7C007 /* Urbanist-MediumItalic.ttf in Resources */,
				921DE7172BC99C7D00B7C007 /* Urbanist-Black.ttf in Resources */,
				921DE7252BC99C7D00B7C007 /* Urbanist-SemiBold.ttf in Resources */,
				923C4DF22C0DD5C400E6B186 /* shapes.riv in Resources */,
				921DE7202BC99C7D00B7C007 /* Urbanist-Light.ttf in Resources */,
				921DE71F2BC99C7D00B7C007 /* Urbanist-Italic.ttf in Resources */,
				921DE72A2BC99C7D00B7C007 /* README.txt in Resources */,
				92C973502BB0A3870080C2C0 /* ARCADECLASSIC.TTF in Resources */,
				921DE71A2BC99C7D00B7C007 /* Urbanist-BoldItalic.ttf in Resources */,
				925FF0242BAF6ABE00F8EE87 /* Preview Assets.xcassets in Resources */,
				921DE7272BC99C7D00B7C007 /* Urbanist-Thin.ttf in Resources */,
				921DE72C2BC99C7D00B7C007 /* Urbanist-VariableFont_wght.ttf in Resources */,
				921DE7282BC99C7D00B7C007 /* Urbanist-ThinItalic.ttf in Resources */,
				921341E02BE42C1200B92692 /* GoogleService-Info.plist in Resources */,
				921DE7212BC99C7D00B7C007 /* Urbanist-LightItalic.ttf in Resources */,
				921DE7292BC99C7D00B7C007 /* OFL.txt in Resources */,
				923C4DEF2C0DD5C400E6B186 /* house.riv in Resources */,
				923C4DEE2C0DD5C400E6B186 /* confetti.riv in Resources */,
				921DE71B2BC99C7D00B7C007 /* Urbanist-ExtraBold.ttf in Resources */,
				921DE7242BC99C7D00B7C007 /* Urbanist-Regular.ttf in Resources */,
				921DE7192BC99C7D00B7C007 /* Urbanist-Bold.ttf in Resources */,
				921DE71D2BC99C7D00B7C007 /* Urbanist-ExtraLight.ttf in Resources */,
				923C4DF02C0DD5C400E6B186 /* icons.riv in Resources */,
				921DE7262BC99C7D00B7C007 /* Urbanist-SemiBoldItalic.ttf in Resources */,
				923C4DEC2C0DD5C400E6B186 /* button.riv in Resources */,
				921DE71C2BC99C7D00B7C007 /* Urbanist-ExtraBoldItalic.ttf in Resources */,
				925FF0212BAF6ABE00F8EE87 /* Assets.xcassets in Resources */,
				921DE7222BC99C7D00B7C007 /* Urbanist-Medium.ttf in Resources */,
				921DE7182BC99C7D00B7C007 /* Urbanist-BlackItalic.ttf in Resources */,
				923C4DED2C0DD5C400E6B186 /* check.riv in Resources */,
				923C4DF12C0DD5C400E6B186 /* menu_button.riv in Resources */,
				921DE72B2BC99C7D00B7C007 /* Urbanist-Italic-VariableFont_wght.ttf in Resources */,
			);
			runOnlyForDeploymentPostprocessing = 0;
		};
/* End PBXResourcesBuildPhase section */

/* Begin PBXSourcesBuildPhase section */
		925FF0152BAF6ABD00F8EE87 /* Sources */ = {
			isa = PBXSourcesBuildPhase;
			buildActionMask = 2147483647;
			files = (
				92FC18C32BED0DAD0091469C /* ChatView.swift in Sources */,
				92FC18C62BED0DD40091469C /* ProfileView.swift in Sources */,
				92EB43882C065E6B00018579 /* DetailedViewViewModel.swift in Sources */,
				923551D32BC54C6C00E10EB3 /* SignInView.swift in Sources */,
				925FF0352BAF6B9300F8EE87 /* CustomTextField.swift in Sources */,
				92C0D2B42BC1AD9700CBD080 /* TriangleLoader.swift in Sources */,
				92CF50A32BBDB5BD00BC2A49 /* NoteModel.swift in Sources */,
				928B95292C08F0AB0010D729 /* ExploreList.swift in Sources */,
				926705032BCD621600372250 /* SettingsViewModel.swift in Sources */,
				923551D52BC5AC8000E10EB3 /* FolderViewModel.swift in Sources */,
				921341EE2BE958CB00B92692 /* ChatListViewModel.swift in Sources */,
				920BD6B62C07D3DF00BF3B46 /* CameraManager.swift in Sources */,
				92C877DA2BB445B1000E9BBB /* CustomNotepadPopover.swift in Sources */,
				920BD6B42C07D3C900BF3B46 /* CameraPreview.swift in Sources */,
				926705072BCDE32400372250 /* MessageStore.swift in Sources */,
				920594F02BECD54F005D09D8 /* DefaultAnimationAnimationModifier.swift in Sources */,
				925FF02F2BAF6B1300F8EE87 /* AccountView.swift in Sources */,
				920BD6B22C07D39900BF3B46 /* CameraView.swift in Sources */,
				92C0D29C2BC0C30900CBD080 /* CustomTabView.swift in Sources */,
				925FF01F2BAF6ABD00F8EE87 /* PostNotesTabView.swift in Sources */,
				921DE6FE2BC965AD00B7C007 /* MessageView.swift in Sources */,
				921341DB2BE4273900B92692 /* AuthViewModel.swift in Sources */,
				92CC639E2BC547E300D53101 /* FlatGlassView.swift in Sources */,
				920BD6B82C07D3F700BF3B46 /* CameraViewModel.swift in Sources */,
				92FC18C82BED0E470091469C /* ChatViewModel.swift in Sources */,
				920F43C42BDA6F6B0047680E /* KeychainHelper.swift in Sources */,
				92C877D82BB442A2000E9BBB /* CustomNotepadWide.swift in Sources */,
				92C9734B2BB09ECA0080C2C0 /* DetailedVIew.swift in Sources */,
				921DE6FA2BC9641200B7C007 /* MessageModel.swift in Sources */,
				921341D92BE4272200B92692 /* AuthView.swift in Sources */,
				92C0D2B32BC1AD9700CBD080 /* TriangleShape.swift in Sources */,
				928B95272C08F02B0010D729 /* ExploreView.swift in Sources */,
				925798212BB21D1D00254FB4 /* RoundButton.swift in Sources */,
				926812772BB1D6C30048822D /* FoldersView.swift in Sources */,
				928B95242C08EEED0010D729 /* BlurView.swift in Sources */,
				926812592BB0DD140048822D /* SettingsView.swift in Sources */,
				921341E92BE5183500B92692 /* AppState.swift in Sources */,
				92CBAA672BF3AF6D0064291E /* TestForChatListView.swift in Sources */,
				92C0D2B62BC1B5D400CBD080 /* SearchBar.swift in Sources */,
				925FF02D2BAF6AE800F8EE87 /* GridView.swift in Sources */,
				92C0D2952BC095E300CBD080 /* firstNoteAdd.swift in Sources */,
				921341DD2BE4274B00B92692 /* AuthService.swift in Sources */,
				9257981F2BB2195400254FB4 /* PostNotesApp.swift in Sources */,
				927173CF2C0B2F7A007618FA /* LaunchAnimation.swift in Sources */,
				921341EC2BE958C000B92692 /* ChatListView.swift in Sources */,
				925FF03A2BAF709600F8EE87 /* CutomNotepad.swift in Sources */,
				925FF0332BAF6B5B00F8EE87 /* CustiomGridtem.swift in Sources */,
				921DE6FC2BC964FD00B7C007 /* Constants.swift in Sources */,
			);
			runOnlyForDeploymentPostprocessing = 0;
		};
/* End PBXSourcesBuildPhase section */

/* Begin XCBuildConfiguration section */
		925FF0252BAF6ABE00F8EE87 /* Debug */ = {
			isa = XCBuildConfiguration;
			buildSettings = {
				ALWAYS_SEARCH_USER_PATHS = NO;
				ASSETCATALOG_COMPILER_GENERATE_SWIFT_ASSET_SYMBOL_EXTENSIONS = YES;
				CLANG_ANALYZER_NONNULL = YES;
				CLANG_ANALYZER_NUMBER_OBJECT_CONVERSION = YES_AGGRESSIVE;
				CLANG_CXX_LANGUAGE_STANDARD = "gnu++20";
				CLANG_ENABLE_MODULES = YES;
				CLANG_ENABLE_OBJC_ARC = YES;
				CLANG_ENABLE_OBJC_WEAK = YES;
				CLANG_WARN_BLOCK_CAPTURE_AUTORELEASING = YES;
				CLANG_WARN_BOOL_CONVERSION = YES;
				CLANG_WARN_COMMA = YES;
				CLANG_WARN_CONSTANT_CONVERSION = YES;
				CLANG_WARN_DEPRECATED_OBJC_IMPLEMENTATIONS = YES;
				CLANG_WARN_DIRECT_OBJC_ISA_USAGE = YES_ERROR;
				CLANG_WARN_DOCUMENTATION_COMMENTS = YES;
				CLANG_WARN_EMPTY_BODY = YES;
				CLANG_WARN_ENUM_CONVERSION = YES;
				CLANG_WARN_INFINITE_RECURSION = YES;
				CLANG_WARN_INT_CONVERSION = YES;
				CLANG_WARN_NON_LITERAL_NULL_CONVERSION = YES;
				CLANG_WARN_OBJC_IMPLICIT_RETAIN_SELF = YES;
				CLANG_WARN_OBJC_LITERAL_CONVERSION = YES;
				CLANG_WARN_OBJC_ROOT_CLASS = YES_ERROR;
				CLANG_WARN_QUOTED_INCLUDE_IN_FRAMEWORK_HEADER = YES;
				CLANG_WARN_RANGE_LOOP_ANALYSIS = YES;
				CLANG_WARN_STRICT_PROTOTYPES = YES;
				CLANG_WARN_SUSPICIOUS_MOVE = YES;
				CLANG_WARN_UNGUARDED_AVAILABILITY = YES_AGGRESSIVE;
				CLANG_WARN_UNREACHABLE_CODE = YES;
				CLANG_WARN__DUPLICATE_METHOD_MATCH = YES;
				COPY_PHASE_STRIP = NO;
				DEBUG_INFORMATION_FORMAT = dwarf;
				ENABLE_STRICT_OBJC_MSGSEND = YES;
				ENABLE_TESTABILITY = YES;
				ENABLE_USER_SCRIPT_SANDBOXING = YES;
				GCC_C_LANGUAGE_STANDARD = gnu17;
				GCC_DYNAMIC_NO_PIC = NO;
				GCC_NO_COMMON_BLOCKS = YES;
				GCC_OPTIMIZATION_LEVEL = 0;
				GCC_PREPROCESSOR_DEFINITIONS = (
					"DEBUG=1",
					"$(inherited)",
				);
				GCC_WARN_64_TO_32_BIT_CONVERSION = YES;
				GCC_WARN_ABOUT_RETURN_TYPE = YES_ERROR;
				GCC_WARN_UNDECLARED_SELECTOR = YES;
				GCC_WARN_UNINITIALIZED_AUTOS = YES_AGGRESSIVE;
				GCC_WARN_UNUSED_FUNCTION = YES;
				GCC_WARN_UNUSED_VARIABLE = YES;
				IPHONEOS_DEPLOYMENT_TARGET = 17.4;
				LOCALIZATION_PREFERS_STRING_CATALOGS = YES;
				MTL_ENABLE_DEBUG_INFO = INCLUDE_SOURCE;
				MTL_FAST_MATH = YES;
				ONLY_ACTIVE_ARCH = YES;
				SDKROOT = iphoneos;
				SWIFT_ACTIVE_COMPILATION_CONDITIONS = "DEBUG $(inherited)";
				SWIFT_OPTIMIZATION_LEVEL = "-Onone";
			};
			name = Debug;
		};
		925FF0262BAF6ABE00F8EE87 /* Release */ = {
			isa = XCBuildConfiguration;
			buildSettings = {
				ALWAYS_SEARCH_USER_PATHS = NO;
				ASSETCATALOG_COMPILER_GENERATE_SWIFT_ASSET_SYMBOL_EXTENSIONS = YES;
				CLANG_ANALYZER_NONNULL = YES;
				CLANG_ANALYZER_NUMBER_OBJECT_CONVERSION = YES_AGGRESSIVE;
				CLANG_CXX_LANGUAGE_STANDARD = "gnu++20";
				CLANG_ENABLE_MODULES = YES;
				CLANG_ENABLE_OBJC_ARC = YES;
				CLANG_ENABLE_OBJC_WEAK = YES;
				CLANG_WARN_BLOCK_CAPTURE_AUTORELEASING = YES;
				CLANG_WARN_BOOL_CONVERSION = YES;
				CLANG_WARN_COMMA = YES;
				CLANG_WARN_CONSTANT_CONVERSION = YES;
				CLANG_WARN_DEPRECATED_OBJC_IMPLEMENTATIONS = YES;
				CLANG_WARN_DIRECT_OBJC_ISA_USAGE = YES_ERROR;
				CLANG_WARN_DOCUMENTATION_COMMENTS = YES;
				CLANG_WARN_EMPTY_BODY = YES;
				CLANG_WARN_ENUM_CONVERSION = YES;
				CLANG_WARN_INFINITE_RECURSION = YES;
				CLANG_WARN_INT_CONVERSION = YES;
				CLANG_WARN_NON_LITERAL_NULL_CONVERSION = YES;
				CLANG_WARN_OBJC_IMPLICIT_RETAIN_SELF = YES;
				CLANG_WARN_OBJC_LITERAL_CONVERSION = YES;
				CLANG_WARN_OBJC_ROOT_CLASS = YES_ERROR;
				CLANG_WARN_QUOTED_INCLUDE_IN_FRAMEWORK_HEADER = YES;
				CLANG_WARN_RANGE_LOOP_ANALYSIS = YES;
				CLANG_WARN_STRICT_PROTOTYPES = YES;
				CLANG_WARN_SUSPICIOUS_MOVE = YES;
				CLANG_WARN_UNGUARDED_AVAILABILITY = YES_AGGRESSIVE;
				CLANG_WARN_UNREACHABLE_CODE = YES;
				CLANG_WARN__DUPLICATE_METHOD_MATCH = YES;
				COPY_PHASE_STRIP = NO;
				DEBUG_INFORMATION_FORMAT = "dwarf-with-dsym";
				ENABLE_NS_ASSERTIONS = NO;
				ENABLE_STRICT_OBJC_MSGSEND = YES;
				ENABLE_USER_SCRIPT_SANDBOXING = YES;
				GCC_C_LANGUAGE_STANDARD = gnu17;
				GCC_NO_COMMON_BLOCKS = YES;
				GCC_WARN_64_TO_32_BIT_CONVERSION = YES;
				GCC_WARN_ABOUT_RETURN_TYPE = YES_ERROR;
				GCC_WARN_UNDECLARED_SELECTOR = YES;
				GCC_WARN_UNINITIALIZED_AUTOS = YES_AGGRESSIVE;
				GCC_WARN_UNUSED_FUNCTION = YES;
				GCC_WARN_UNUSED_VARIABLE = YES;
				IPHONEOS_DEPLOYMENT_TARGET = 17.4;
				LOCALIZATION_PREFERS_STRING_CATALOGS = YES;
				MTL_ENABLE_DEBUG_INFO = NO;
				MTL_FAST_MATH = YES;
				SDKROOT = iphoneos;
				SWIFT_COMPILATION_MODE = wholemodule;
				VALIDATE_PRODUCT = YES;
			};
			name = Release;
		};
		925FF0282BAF6ABE00F8EE87 /* Debug */ = {
			isa = XCBuildConfiguration;
			buildSettings = {
				ASSETCATALOG_COMPILER_APPICON_NAME = AppIcon;
				ASSETCATALOG_COMPILER_GLOBAL_ACCENT_COLOR_NAME = AccentColor;
				CODE_SIGN_ENTITLEMENTS = PostNotes/PostNotes.entitlements;
				CODE_SIGN_STYLE = Automatic;
				CURRENT_PROJECT_VERSION = 1;
				DEVELOPMENT_ASSET_PATHS = "\"PostNotes/Preview Content\"";
				DEVELOPMENT_TEAM = ZT829445M9;
				ENABLE_PREVIEWS = YES;
				GENERATE_INFOPLIST_FILE = YES;
				INFOPLIST_FILE = PostNotes/Info.plist;
				INFOPLIST_KEY_CFBundleDisplayName = "PostNotes Ai";
				INFOPLIST_KEY_LSApplicationCategoryType = "public.app-category.productivity";
				INFOPLIST_KEY_NSCameraUsageDescription = "Camera is used to capture photos";
				INFOPLIST_KEY_UIApplicationSceneManifest_Generation = YES;
				INFOPLIST_KEY_UIApplicationSupportsIndirectInputEvents = YES;
				INFOPLIST_KEY_UILaunchStoryboardName = "";
				INFOPLIST_KEY_UISupportedInterfaceOrientations = UIInterfaceOrientationPortrait;
				INFOPLIST_KEY_UISupportedInterfaceOrientations_iPad = "UIInterfaceOrientationLandscapeLeft UIInterfaceOrientationLandscapeRight UIInterfaceOrientationPortrait UIInterfaceOrientationPortraitUpsideDown";
				LD_RUNPATH_SEARCH_PATHS = (
					"$(inherited)",
					"@executable_path/Frameworks",
				);
				MARKETING_VERSION = 1.0;
				PRODUCT_BUNDLE_IDENTIFIER = com.YuriPetrosyan.PostNotes;
				PRODUCT_NAME = "$(TARGET_NAME)";
				SWIFT_EMIT_LOC_STRINGS = YES;
				SWIFT_VERSION = 5.0;
				TARGETED_DEVICE_FAMILY = "1,2";
			};
			name = Debug;
		};
		925FF0292BAF6ABE00F8EE87 /* Release */ = {
			isa = XCBuildConfiguration;
			buildSettings = {
				ASSETCATALOG_COMPILER_APPICON_NAME = AppIcon;
				ASSETCATALOG_COMPILER_GLOBAL_ACCENT_COLOR_NAME = AccentColor;
				CODE_SIGN_ENTITLEMENTS = PostNotes/PostNotes.entitlements;
				CODE_SIGN_STYLE = Automatic;
				CURRENT_PROJECT_VERSION = 1;
				DEVELOPMENT_ASSET_PATHS = "\"PostNotes/Preview Content\"";
				DEVELOPMENT_TEAM = ZT829445M9;
				ENABLE_PREVIEWS = YES;
				GENERATE_INFOPLIST_FILE = YES;
				INFOPLIST_FILE = PostNotes/Info.plist;
				INFOPLIST_KEY_CFBundleDisplayName = "PostNotes Ai";
				INFOPLIST_KEY_LSApplicationCategoryType = "public.app-category.productivity";
				INFOPLIST_KEY_NSCameraUsageDescription = "Camera is used to capture photos";
				INFOPLIST_KEY_UIApplicationSceneManifest_Generation = YES;
				INFOPLIST_KEY_UIApplicationSupportsIndirectInputEvents = YES;
				INFOPLIST_KEY_UILaunchStoryboardName = "";
				INFOPLIST_KEY_UISupportedInterfaceOrientations = UIInterfaceOrientationPortrait;
				INFOPLIST_KEY_UISupportedInterfaceOrientations_iPad = "UIInterfaceOrientationLandscapeLeft UIInterfaceOrientationLandscapeRight UIInterfaceOrientationPortrait UIInterfaceOrientationPortraitUpsideDown";
				LD_RUNPATH_SEARCH_PATHS = (
					"$(inherited)",
					"@executable_path/Frameworks",
				);
				MARKETING_VERSION = 1.0;
				PRODUCT_BUNDLE_IDENTIFIER = com.YuriPetrosyan.PostNotes;
				PRODUCT_NAME = "$(TARGET_NAME)";
				SWIFT_EMIT_LOC_STRINGS = YES;
				SWIFT_VERSION = 5.0;
				TARGETED_DEVICE_FAMILY = "1,2";
			};
			name = Release;
		};
/* End XCBuildConfiguration section */

/* Begin XCConfigurationList section */
		925FF0142BAF6ABD00F8EE87 /* Build configuration list for PBXProject "PostNotes" */ = {
			isa = XCConfigurationList;
			buildConfigurations = (
				925FF0252BAF6ABE00F8EE87 /* Debug */,
				925FF0262BAF6ABE00F8EE87 /* Release */,
			);
			defaultConfigurationIsVisible = 0;
			defaultConfigurationName = Release;
		};
		925FF0272BAF6ABE00F8EE87 /* Build configuration list for PBXNativeTarget "PostNotes" */ = {
			isa = XCConfigurationList;
			buildConfigurations = (
				925FF0282BAF6ABE00F8EE87 /* Debug */,
				925FF0292BAF6ABE00F8EE87 /* Release */,
			);
			defaultConfigurationIsVisible = 0;
			defaultConfigurationName = Release;
		};
/* End XCConfigurationList section */

/* Begin XCRemoteSwiftPackageReference section */
		920F43B62BDA658C0047680E /* XCRemoteSwiftPackageReference "Glur" */ = {
			isa = XCRemoteSwiftPackageReference;
			repositoryURL = "https://github.com/joogps/Glur";
			requirement = {
				kind = upToNextMajorVersion;
				minimumVersion = 1.0.4;
			};
		};
		921341E12BE431CD00B92692 /* XCRemoteSwiftPackageReference "firebase-ios-sdk" */ = {
			isa = XCRemoteSwiftPackageReference;
			repositoryURL = "https://github.com/firebase/firebase-ios-sdk";
			requirement = {
				kind = upToNextMajorVersion;
				minimumVersion = 10.25.0;
			};
		};
		923C4DE12C0DD2E600E6B186 /* XCRemoteSwiftPackageReference "rive-ios" */ = {
			isa = XCRemoteSwiftPackageReference;
			repositoryURL = "https://github.com/rive-app/rive-ios";
			requirement = {
				kind = upToNextMajorVersion;
				minimumVersion = 5.12.0;
			};
		};
		92FC18CA2BEFC5B80091469C /* XCRemoteSwiftPackageReference "OpenAI" */ = {
			isa = XCRemoteSwiftPackageReference;
			repositoryURL = "https://github.com/MacPaw/OpenAI";
			requirement = {
				kind = upToNextMajorVersion;
				minimumVersion = 0.2.8;
			};
		};
/* End XCRemoteSwiftPackageReference section */

/* Begin XCSwiftPackageProductDependency section */
		921341E22BE431CD00B92692 /* FirebaseAuth */ = {
			isa = XCSwiftPackageProductDependency;
			package = 921341E12BE431CD00B92692 /* XCRemoteSwiftPackageReference "firebase-ios-sdk" */;
			productName = FirebaseAuth;
		};
		921341E42BE431CD00B92692 /* FirebaseFirestore */ = {
			isa = XCSwiftPackageProductDependency;
			package = 921341E12BE431CD00B92692 /* XCRemoteSwiftPackageReference "firebase-ios-sdk" */;
			productName = FirebaseFirestore;
		};
		921341E62BE431CD00B92692 /* FirebaseFirestoreSwift */ = {
			isa = XCSwiftPackageProductDependency;
			package = 921341E12BE431CD00B92692 /* XCRemoteSwiftPackageReference "firebase-ios-sdk" */;
			productName = FirebaseFirestoreSwift;
		};
		923C4DE22C0DD2E600E6B186 /* RiveRuntime */ = {
			isa = XCSwiftPackageProductDependency;
			package = 923C4DE12C0DD2E600E6B186 /* XCRemoteSwiftPackageReference "rive-ios" */;
			productName = RiveRuntime;
		};
		92FC18CB2BEFC5B80091469C /* OpenAI */ = {
			isa = XCSwiftPackageProductDependency;
			package = 92FC18CA2BEFC5B80091469C /* XCRemoteSwiftPackageReference "OpenAI" */;
			productName = OpenAI;
		};
/* End XCSwiftPackageProductDependency section */
	};
	rootObject = 925FF0112BAF6ABD00F8EE87 /* Project object */;
}
